
Microsoft Visual Studio Solution File, Format Version 12.00
Project("{2150E333-8FDC-42A3-9474-1A3956D46DE8}") = "src", "src", "{F549087E-3731-4AEA-9992-2FDA2E2391D4}"
EndProject
Project("{2150E333-8FDC-42A3-9474-1A3956D46DE8}") = "MillitaryAccountManagement.Core", "MillitaryAccountManagement.Core", "{58AA5F06-1FB8-4207-A7F2-91082FB1AA44}"
EndProject
Project("{2150E333-8FDC-42A3-9474-1A3956D46DE8}") = "MillitaryAccountManagement.Infrastructure", "MillitaryAccountManagement.Infrastructure", "{3627845D-03A1-44C8-8C71-43AD511C840B}"
EndProject
Project("{2150E333-8FDC-42A3-9474-1A3956D46DE8}") = "MillitaryAccountManagement.Presentation", "MillitaryAccountManagement.Presentation", "{FAD06427-0F67-4C7F-A2E7-4DCD96B6EA99}"
EndProject
Project("{FAE04EC0-301F-11D3-BF4B-00C04F79EFBC}") = "Domain", "Domain\Domain.csproj", "{4B074FD2-B6CD-44A4-B1E0-B0B5D6B5A245}"
EndProject
Project("{FAE04EC0-301F-11D3-BF4B-00C04F79EFBC}") = "Application", "Application\Application.csproj", "{0BDFF1E3-B2B1-41B0-ABA3-D769C100FA28}"
EndProject
Project("{FAE04EC0-301F-11D3-BF4B-00C04F79EFBC}") = "Persistence", "Persistence\Persistence.csproj", "{2EDDD7F2-221B-4FA1-A420-49F591B4F9FF}"
EndProject
Project("{FAE04EC0-301F-11D3-BF4B-00C04F79EFBC}") = "WebAPI", "WebAPI\WebAPI.csproj", "{8A84450A-E752-4DE1-8E11-951C5396E059}"
EndProject
Project("{FAE04EC0-301F-11D3-BF4B-00C04F79EFBC}") = "Infrastructure", "Infrastructure\Infrastructure.csproj", "{C20332E4-D08B-4FED-AD19-88898344BDCF}"
EndProject
Global
	GlobalSection(SolutionConfigurationPlatforms) = preSolution
		Debug|Any CPU = Debug|Any CPU
		Release|Any CPU = Release|Any CPU
	EndGlobalSection
	GlobalSection(NestedProjects) = preSolution
		{58AA5F06-1FB8-4207-A7F2-91082FB1AA44} = {F549087E-3731-4AEA-9992-2FDA2E2391D4}
		{3627845D-03A1-44C8-8C71-43AD511C840B} = {F549087E-3731-4AEA-9992-2FDA2E2391D4}
		{FAD06427-0F67-4C7F-A2E7-4DCD96B6EA99} = {F549087E-3731-4AEA-9992-2FDA2E2391D4}
		{4B074FD2-B6CD-44A4-B1E0-B0B5D6B5A245} = {58AA5F06-1FB8-4207-A7F2-91082FB1AA44}
		{0BDFF1E3-B2B1-41B0-ABA3-D769C100FA28} = {58AA5F06-1FB8-4207-A7F2-91082FB1AA44}
		{2EDDD7F2-221B-4FA1-A420-49F591B4F9FF} = {3627845D-03A1-44C8-8C71-43AD511C840B}
		{8A84450A-E752-4DE1-8E11-951C5396E059} = {FAD06427-0F67-4C7F-A2E7-4DCD96B6EA99}
		{C20332E4-D08B-4FED-AD19-88898344BDCF} = {3627845D-03A1-44C8-8C71-43AD511C840B}
	EndGlobalSection
	GlobalSection(ProjectConfigurationPlatforms) = postSolution
		{4B074FD2-B6CD-44A4-B1E0-B0B5D6B5A245}.Debug|Any CPU.ActiveCfg = Debug|Any CPU
		{4B074FD2-B6CD-44A4-B1E0-B0B5D6B5A245}.Debug|Any CPU.Build.0 = Debug|Any CPU
		{4B074FD2-B6CD-44A4-B1E0-B0B5D6B5A245}.Release|Any CPU.ActiveCfg = Release|Any CPU
		{4B074FD2-B6CD-44A4-B1E0-B0B5D6B5A245}.Release|Any CPU.Build.0 = Release|Any CPU
		{0BDFF1E3-B2B1-41B0-ABA3-D769C100FA28}.Debug|Any CPU.ActiveCfg = Debug|Any CPU
		{0BDFF1E3-B2B1-41B0-ABA3-D769C100FA28}.Debug|Any CPU.Build.0 = Debug|Any CPU
		{0BDFF1E3-B2B1-41B0-ABA3-D769C100FA28}.Release|Any CPU.ActiveCfg = Release|Any CPU
		{0BDFF1E3-B2B1-41B0-ABA3-D769C100FA28}.Release|Any CPU.Build.0 = Release|Any CPU
		{2EDDD7F2-221B-4FA1-A420-49F591B4F9FF}.Debug|Any CPU.ActiveCfg = Debug|Any CPU
		{2EDDD7F2-221B-4FA1-A420-49F591B4F9FF}.Debug|Any CPU.Build.0 = Debug|Any CPU
		{2EDDD7F2-221B-4FA1-A420-49F591B4F9FF}.Release|Any CPU.ActiveCfg = Release|Any CPU
		{2EDDD7F2-221B-4FA1-A420-49F591B4F9FF}.Release|Any CPU.Build.0 = Release|Any CPU
		{8A84450A-E752-4DE1-8E11-951C5396E059}.Debug|Any CPU.ActiveCfg = Debug|Any CPU
		{8A84450A-E752-4DE1-8E11-951C5396E059}.Debug|Any CPU.Build.0 = Debug|Any CPU
		{8A84450A-E752-4DE1-8E11-951C5396E059}.Release|Any CPU.ActiveCfg = Release|Any CPU
		{8A84450A-E752-4DE1-8E11-951C5396E059}.Release|Any CPU.Build.0 = Release|Any CPU
		{C20332E4-D08B-4FED-AD19-88898344BDCF}.Debug|Any CPU.ActiveCfg = Debug|Any CPU
		{C20332E4-D08B-4FED-AD19-88898344BDCF}.Debug|Any CPU.Build.0 = Debug|Any CPU
		{C20332E4-D08B-4FED-AD19-88898344BDCF}.Release|Any CPU.ActiveCfg = Release|Any CPU
		{C20332E4-D08B-4FED-AD19-88898344BDCF}.Release|Any CPU.Build.0 = Release|Any CPU
	EndGlobalSection
EndGlobal
